Microsoft Visual Studio Solution File, Format Version 12.00
# Visual Studio Version 17
VisualStudioVersion = 17.5.2.0
MinimumVisualStudioVersion = 10.0.40219.1
Project("{FAE04EC0-301F-11D3-BF4B-00C04F79EFBC}") = "ArtInstitute", "ArtInstitute.csproj", "{F6107E4D-A143-D7C0-2638-7DD1A5ADD5DE}"
EndProject
Global
	GlobalSection(SolutionConfigurationPlatforms) = preSolution
		Debug|Any CPU = Debug|Any CPU
		Release|Any CPU = Release|Any CPU
	EndGlobalSection
	GlobalSection(ProjectConfigurationPlatforms) = postSolution
		{F6107E4D-A143-D7C0-2638-7DD1A5ADD5DE}.Debug|Any CPU.ActiveCfg = Debug|Any CPU
		{F6107E4D-A143-D7C0-2638-7DD1A5ADD5DE}.Debug|Any CPU.Build.0 = Debug|Any CPU
		{F6107E4D-A143-D7C0-2638-7DD1A5ADD5DE}.Release|Any CPU.ActiveCfg = Release|Any CPU
		{F6107E4D-A143-D7C0-2638-7DD1A5ADD5DE}.Release|Any CPU.Build.0 = Release|Any CPU
	EndGlobalSection
	GlobalSection(SolutionProperties) = preSolution
		HideSolutionNode = FALSE
	EndGlobalSection
	GlobalSection(ExtensibilityGlobals) = postSolution
		SolutionGuid = {8C3B902E-CFD2-4E96-ACF8-C716B793160C}
	EndGlobalSection
EndGlobal
